// !$*UTF8*$!
{
	archiveVersion = 1;
	classes = {
	};
	objectVersion = 52;
	objects = {

/* Begin PBXBuildFile section */
		021D19692565D5A5003FD843 /* NowPlayingPresenter.swift in Sources */ = {isa = PBXBuildFile; fileRef = 021D19682565D5A5003FD843 /* NowPlayingPresenter.swift */; };
		022242E72559277C0038FA41 /* FavouriteMoviesViewController.swift in Sources */ = {isa = PBXBuildFile; fileRef = 022242E62559277C0038FA41 /* FavouriteMoviesViewController.swift */; };
		0226529425595E2300607F40 /* APIService.swift in Sources */ = {isa = PBXBuildFile; fileRef = 0226529325595E2300607F40 /* APIService.swift */; };
		022C940F256812F000A4FD21 /* HomeScreenViewController.swift in Sources */ = {isa = PBXBuildFile; fileRef = 022C940E256812F000A4FD21 /* HomeScreenViewController.swift */; };
		022C9413256817E300A4FD21 /* ButtonTypes.swift in Sources */ = {isa = PBXBuildFile; fileRef = 022C9412256817E300A4FD21 /* ButtonTypes.swift */; };
		022DE9392553FC01004B902C /* CoreDataHelper.swift in Sources */ = {isa = PBXBuildFile; fileRef = 022DE9382553FC01004B902C /* CoreDataHelper.swift */; };
		022DE94C255458B8004B902C /* WatchedFavouriteCell.swift in Sources */ = {isa = PBXBuildFile; fileRef = 022DE94B255458B8004B902C /* WatchedFavouriteCell.swift */; };
		022DE95025545A9E004B902C /* WatchedMoviesViewController.swift in Sources */ = {isa = PBXBuildFile; fileRef = 022DE94F25545A9E004B902C /* WatchedMoviesViewController.swift */; };
		0245DB7C255BFE7D007225C3 /* Kingfisher in Frameworks */ = {isa = PBXBuildFile; productRef = 0245DB7B255BFE7D007225C3 /* Kingfisher */; };
		0246203C25519E51003F6770 /* Constants.swift in Sources */ = {isa = PBXBuildFile; fileRef = 0246203B25519E51003F6770 /* Constants.swift */; };
		0246204025519EF4003F6770 /* ReusableView.swift in Sources */ = {isa = PBXBuildFile; fileRef = 0246203F25519EF4003F6770 /* ReusableView.swift */; };
		0246204425519F89003F6770 /* Extensions+UITableViewCell.swift in Sources */ = {isa = PBXBuildFile; fileRef = 0246204325519F89003F6770 /* Extensions+UITableViewCell.swift */; };
		0246204725519FD0003F6770 /* Extensions+UITableView.swift in Sources */ = {isa = PBXBuildFile; fileRef = 0246204625519FD0003F6770 /* Extensions+UITableView.swift */; };
		024B961C255173E10026FA0E /* BlurLoader.swift in Sources */ = {isa = PBXBuildFile; fileRef = 024B961B255173E10026FA0E /* BlurLoader.swift */; };
		0250EC682551D1780034E527 /* Extensions+UIViewController.swift in Sources */ = {isa = PBXBuildFile; fileRef = 0250EC672551D1780034E527 /* Extensions+UIViewController.swift */; };
		0250EC6C2551E4870034E527 /* ShaderBottomToTop.swift in Sources */ = {isa = PBXBuildFile; fileRef = 0250EC6B2551E4870034E527 /* ShaderBottomToTop.swift */; };
		028315BD2552E5C3008F9963 /* WatchedCustomButton.swift in Sources */ = {isa = PBXBuildFile; fileRef = 028315BC2552E5C3008F9963 /* WatchedCustomButton.swift */; };
		028315C02552E76F008F9963 /* FavouritesCustomButton.swift in Sources */ = {isa = PBXBuildFile; fileRef = 028315BF2552E76F008F9963 /* FavouritesCustomButton.swift */; };
		028315EB2553335B008F9963 /* MovieApp.xcdatamodeld in Sources */ = {isa = PBXBuildFile; fileRef = 028315E92553335B008F9963 /* MovieApp.xcdatamodeld */; };
		028FA7D22550365A00942985 /* MoviePosterCell.swift in Sources */ = {isa = PBXBuildFile; fileRef = 028FA7D12550365A00942985 /* MoviePosterCell.swift */; };
		028FA7D62550383800942985 /* MovieTitleCell.swift in Sources */ = {isa = PBXBuildFile; fileRef = 028FA7D52550383800942985 /* MovieTitleCell.swift */; };
		028FA7D9255039C000942985 /* MovieGenresCell.swift in Sources */ = {isa = PBXBuildFile; fileRef = 028FA7D8255039C000942985 /* MovieGenresCell.swift */; };
		028FA7DC25503C0500942985 /* MovieQuoteCell.swift in Sources */ = {isa = PBXBuildFile; fileRef = 028FA7DB25503C0500942985 /* MovieQuoteCell.swift */; };
		028FA7DF25503D0C00942985 /* MovieOverviewCell.swift in Sources */ = {isa = PBXBuildFile; fileRef = 028FA7DE25503D0C00942985 /* MovieOverviewCell.swift */; };
		028FA7E325503F1900942985 /* RowItem.swift in Sources */ = {isa = PBXBuildFile; fileRef = 028FA7E225503F1900942985 /* RowItem.swift */; };
		028FA7E825503F6500942985 /* EnumMovieDetailsCellTypes.swift in Sources */ = {isa = PBXBuildFile; fileRef = 028FA7E725503F6500942985 /* EnumMovieDetailsCellTypes.swift */; };
		028FA7F225506D7A00942985 /* Extensions+UIImageView.swift in Sources */ = {isa = PBXBuildFile; fileRef = 028FA7F125506D7A00942985 /* Extensions+UIImageView.swift */; };
		029C62D6254C31C000947B25 /* AppDelegate.swift in Sources */ = {isa = PBXBuildFile; fileRef = 029C62D5254C31C000947B25 /* AppDelegate.swift */; };
		029C62DF254C31C100947B25 /* Assets.xcassets in Resources */ = {isa = PBXBuildFile; fileRef = 029C62DE254C31C100947B25 /* Assets.xcassets */; };
		029C62E2254C31C100947B25 /* LaunchScreen.storyboard in Resources */ = {isa = PBXBuildFile; fileRef = 029C62E0254C31C100947B25 /* LaunchScreen.storyboard */; };
		029CD4922566BEBC00FC7DF2 /* WatchedAndFavoritesPresenter.swift in Sources */ = {isa = PBXBuildFile; fileRef = 029CD4912566BEBC00FC7DF2 /* WatchedAndFavoritesPresenter.swift */; };
		02AB2ADC255F1CA700FA7628 /* BlurLoaderHelper.swift in Sources */ = {isa = PBXBuildFile; fileRef = 02AB2ADB255F1CA700FA7628 /* BlurLoaderHelper.swift */; };
		02AF46D62566EDE500DBD08C /* MovieDetailsPresenter.swift in Sources */ = {isa = PBXBuildFile; fileRef = 02AF46D52566EDE500DBD08C /* MovieDetailsPresenter.swift */; };
		02BBD5C2254C3CB700058844 /* Movie.swift in Sources */ = {isa = PBXBuildFile; fileRef = 02BBD5C1254C3CB700058844 /* Movie.swift */; };
		02BBD5C8254C3F2E00058844 /* NowPlayingViewController.swift in Sources */ = {isa = PBXBuildFile; fileRef = 02BBD5C7254C3F2E00058844 /* NowPlayingViewController.swift */; };
		02C1B01B255B153400E4BA8F /* MovieEntity+CoreDataProperties.swift in Sources */ = {isa = PBXBuildFile; fileRef = 02C1B019255B153300E4BA8F /* MovieEntity+CoreDataProperties.swift */; };
		02C1B01C255B153400E4BA8F /* MovieEntity+CoreDataClass.swift in Sources */ = {isa = PBXBuildFile; fileRef = 02C1B01A255B153300E4BA8F /* MovieEntity+CoreDataClass.swift */; };
		02D4A602255DAC8A003D9008 /* ShaderTopToBottom.swift in Sources */ = {isa = PBXBuildFile; fileRef = 02D4A601255DAC8A003D9008 /* ShaderTopToBottom.swift */; };
		02E2924A254C64580088E7A6 /* Extensions+String.swift in Sources */ = {isa = PBXBuildFile; fileRef = 02E29249254C64580088E7A6 /* Extensions+String.swift */; };
		02E2924F254C70630088E7A6 /* MovieDetailsViewController.swift in Sources */ = {isa = PBXBuildFile; fileRef = 02E2924E254C70630088E7A6 /* MovieDetailsViewController.swift */; };
		02E29253254C711A0088E7A6 /* MovieDetails.swift in Sources */ = {isa = PBXBuildFile; fileRef = 02E29252254C711A0088E7A6 /* MovieDetails.swift */; };
		02E91723255D4D630042E12A /* NowPlayingCollectionCell.swift in Sources */ = {isa = PBXBuildFile; fileRef = 02E91722255D4D630042E12A /* NowPlayingCollectionCell.swift */; };
		02E91726255D52A80042E12A /* Extensions+UICollectionViewCell.swift in Sources */ = {isa = PBXBuildFile; fileRef = 02E91725255D52A80042E12A /* Extensions+UICollectionViewCell.swift */; };
		02E91729255D54E90042E12A /* Extensions+UICollectionView.swift in Sources */ = {isa = PBXBuildFile; fileRef = 02E91728255D54E90042E12A /* Extensions+UICollectionView.swift */; };
		F45EEF8B1534F8C0B567B291 /* Pods_MovieApp.framework in Frameworks */ = {isa = PBXBuildFile; fileRef = 6F4D3CECB78C5B0C13861C89 /* Pods_MovieApp.framework */; };
/* End PBXBuildFile section */

/* Begin PBXFileReference section */
		021D19682565D5A5003FD843 /* NowPlayingPresenter.swift */ = {isa = PBXFileReference; lastKnownFileType = sourcecode.swift; path = NowPlayingPresenter.swift; sourceTree = "<group>"; };
		022242E62559277C0038FA41 /* FavouriteMoviesViewController.swift */ = {isa = PBXFileReference; lastKnownFileType = sourcecode.swift; path = FavouriteMoviesViewController.swift; sourceTree = "<group>"; };
		0226529325595E2300607F40 /* APIService.swift */ = {isa = PBXFileReference; lastKnownFileType = sourcecode.swift; path = APIService.swift; sourceTree = "<group>"; };
		022C940E256812F000A4FD21 /* HomeScreenViewController.swift */ = {isa = PBXFileReference; lastKnownFileType = sourcecode.swift; path = HomeScreenViewController.swift; sourceTree = "<group>"; };
		022C9412256817E300A4FD21 /* ButtonTypes.swift */ = {isa = PBXFileReference; lastKnownFileType = sourcecode.swift; path = ButtonTypes.swift; sourceTree = "<group>"; };
		022DE9382553FC01004B902C /* CoreDataHelper.swift */ = {isa = PBXFileReference; lastKnownFileType = sourcecode.swift; path = CoreDataHelper.swift; sourceTree = "<group>"; };
		022DE94B255458B8004B902C /* WatchedFavouriteCell.swift */ = {isa = PBXFileReference; lastKnownFileType = sourcecode.swift; path = WatchedFavouriteCell.swift; sourceTree = "<group>"; };
		022DE94F25545A9E004B902C /* WatchedMoviesViewController.swift */ = {isa = PBXFileReference; lastKnownFileType = sourcecode.swift; path = WatchedMoviesViewController.swift; sourceTree = "<group>"; };
		0246203B25519E51003F6770 /* Constants.swift */ = {isa = PBXFileReference; lastKnownFileType = sourcecode.swift; path = Constants.swift; sourceTree = "<group>"; };
		0246203F25519EF4003F6770 /* ReusableView.swift */ = {isa = PBXFileReference; lastKnownFileType = sourcecode.swift; path = ReusableView.swift; sourceTree = "<group>"; };
		0246204325519F89003F6770 /* Extensions+UITableViewCell.swift */ = {isa = PBXFileReference; lastKnownFileType = sourcecode.swift; path = "Extensions+UITableViewCell.swift"; sourceTree = "<group>"; };
		0246204625519FD0003F6770 /* Extensions+UITableView.swift */ = {isa = PBXFileReference; lastKnownFileType = sourcecode.swift; path = "Extensions+UITableView.swift"; sourceTree = "<group>"; };
		024B961B255173E10026FA0E /* BlurLoader.swift */ = {isa = PBXFileReference; lastKnownFileType = sourcecode.swift; path = BlurLoader.swift; sourceTree = "<group>"; };
		0250EC672551D1780034E527 /* Extensions+UIViewController.swift */ = {isa = PBXFileReference; lastKnownFileType = sourcecode.swift; path = "Extensions+UIViewController.swift"; sourceTree = "<group>"; };
		0250EC6B2551E4870034E527 /* ShaderBottomToTop.swift */ = {isa = PBXFileReference; lastKnownFileType = sourcecode.swift; path = ShaderBottomToTop.swift; sourceTree = "<group>"; };
		028315BC2552E5C3008F9963 /* WatchedCustomButton.swift */ = {isa = PBXFileReference; lastKnownFileType = sourcecode.swift; path = WatchedCustomButton.swift; sourceTree = "<group>"; };
		028315BF2552E76F008F9963 /* FavouritesCustomButton.swift */ = {isa = PBXFileReference; lastKnownFileType = sourcecode.swift; path = FavouritesCustomButton.swift; sourceTree = "<group>"; };
		028315EA2553335B008F9963 /* MovieApp.xcdatamodel */ = {isa = PBXFileReference; lastKnownFileType = wrapper.xcdatamodel; path = MovieApp.xcdatamodel; sourceTree = "<group>"; };
		028FA7D12550365A00942985 /* MoviePosterCell.swift */ = {isa = PBXFileReference; lastKnownFileType = sourcecode.swift; path = MoviePosterCell.swift; sourceTree = "<group>"; };
		028FA7D52550383800942985 /* MovieTitleCell.swift */ = {isa = PBXFileReference; lastKnownFileType = sourcecode.swift; path = MovieTitleCell.swift; sourceTree = "<group>"; };
		028FA7D8255039C000942985 /* MovieGenresCell.swift */ = {isa = PBXFileReference; lastKnownFileType = sourcecode.swift; path = MovieGenresCell.swift; sourceTree = "<group>"; };
		028FA7DB25503C0500942985 /* MovieQuoteCell.swift */ = {isa = PBXFileReference; lastKnownFileType = sourcecode.swift; path = MovieQuoteCell.swift; sourceTree = "<group>"; };
		028FA7DE25503D0C00942985 /* MovieOverviewCell.swift */ = {isa = PBXFileReference; lastKnownFileType = sourcecode.swift; path = MovieOverviewCell.swift; sourceTree = "<group>"; };
		028FA7E225503F1900942985 /* RowItem.swift */ = {isa = PBXFileReference; lastKnownFileType = sourcecode.swift; path = RowItem.swift; sourceTree = "<group>"; };
		028FA7E725503F6500942985 /* EnumMovieDetailsCellTypes.swift */ = {isa = PBXFileReference; lastKnownFileType = sourcecode.swift; path = EnumMovieDetailsCellTypes.swift; sourceTree = "<group>"; };
		028FA7F125506D7A00942985 /* Extensions+UIImageView.swift */ = {isa = PBXFileReference; lastKnownFileType = sourcecode.swift; path = "Extensions+UIImageView.swift"; sourceTree = "<group>"; };
		029C62D2254C31C000947B25 /* MovieApp.app */ = {isa = PBXFileReference; explicitFileType = wrapper.application; includeInIndex = 0; path = MovieApp.app; sourceTree = BUILT_PRODUCTS_DIR; };
		029C62D5254C31C000947B25 /* AppDelegate.swift */ = {isa = PBXFileReference; lastKnownFileType = sourcecode.swift; path = AppDelegate.swift; sourceTree = "<group>"; };
		029C62DE254C31C100947B25 /* Assets.xcassets */ = {isa = PBXFileReference; lastKnownFileType = folder.assetcatalog; path = Assets.xcassets; sourceTree = "<group>"; };
		029C62E1254C31C100947B25 /* Base */ = {isa = PBXFileReference; lastKnownFileType = file.storyboard; name = Base; path = Base.lproj/LaunchScreen.storyboard; sourceTree = "<group>"; };
		029C62E3254C31C100947B25 /* Info.plist */ = {isa = PBXFileReference; lastKnownFileType = text.plist.xml; path = Info.plist; sourceTree = "<group>"; };
		029CD4912566BEBC00FC7DF2 /* WatchedAndFavoritesPresenter.swift */ = {isa = PBXFileReference; lastKnownFileType = sourcecode.swift; path = WatchedAndFavoritesPresenter.swift; sourceTree = "<group>"; };
		02AB2ADB255F1CA700FA7628 /* BlurLoaderHelper.swift */ = {isa = PBXFileReference; lastKnownFileType = sourcecode.swift; path = BlurLoaderHelper.swift; sourceTree = "<group>"; };
		02AF46D52566EDE500DBD08C /* MovieDetailsPresenter.swift */ = {isa = PBXFileReference; lastKnownFileType = sourcecode.swift; path = MovieDetailsPresenter.swift; sourceTree = "<group>"; };
		02BBD5C1254C3CB700058844 /* Movie.swift */ = {isa = PBXFileReference; lastKnownFileType = sourcecode.swift; path = Movie.swift; sourceTree = "<group>"; };
		02BBD5C7254C3F2E00058844 /* NowPlayingViewController.swift */ = {isa = PBXFileReference; lastKnownFileType = sourcecode.swift; path = NowPlayingViewController.swift; sourceTree = "<group>"; };
		02C1B019255B153300E4BA8F /* MovieEntity+CoreDataProperties.swift */ = {isa = PBXFileReference; fileEncoding = 4; lastKnownFileType = sourcecode.swift; path = "MovieEntity+CoreDataProperties.swift"; sourceTree = SOURCE_ROOT; };
		02C1B01A255B153300E4BA8F /* MovieEntity+CoreDataClass.swift */ = {isa = PBXFileReference; fileEncoding = 4; lastKnownFileType = sourcecode.swift; path = "MovieEntity+CoreDataClass.swift"; sourceTree = SOURCE_ROOT; };
		02D4A601255DAC8A003D9008 /* ShaderTopToBottom.swift */ = {isa = PBXFileReference; lastKnownFileType = sourcecode.swift; path = ShaderTopToBottom.swift; sourceTree = "<group>"; };
		02E29249254C64580088E7A6 /* Extensions+String.swift */ = {isa = PBXFileReference; lastKnownFileType = sourcecode.swift; path = "Extensions+String.swift"; sourceTree = "<group>"; };
		02E2924E254C70630088E7A6 /* MovieDetailsViewController.swift */ = {isa = PBXFileReference; lastKnownFileType = sourcecode.swift; path = MovieDetailsViewController.swift; sourceTree = "<group>"; };
		02E29252254C711A0088E7A6 /* MovieDetails.swift */ = {isa = PBXFileReference; lastKnownFileType = sourcecode.swift; path = MovieDetails.swift; sourceTree = "<group>"; };
		02E91722255D4D630042E12A /* NowPlayingCollectionCell.swift */ = {isa = PBXFileReference; lastKnownFileType = sourcecode.swift; path = NowPlayingCollectionCell.swift; sourceTree = "<group>"; };
		02E91725255D52A80042E12A /* Extensions+UICollectionViewCell.swift */ = {isa = PBXFileReference; lastKnownFileType = sourcecode.swift; path = "Extensions+UICollectionViewCell.swift"; sourceTree = "<group>"; };
		02E91728255D54E90042E12A /* Extensions+UICollectionView.swift */ = {isa = PBXFileReference; lastKnownFileType = sourcecode.swift; path = "Extensions+UICollectionView.swift"; sourceTree = "<group>"; };
		6F4D3CECB78C5B0C13861C89 /* Pods_MovieApp.framework */ = {isa = PBXFileReference; explicitFileType = wrapper.framework; includeInIndex = 0; path = Pods_MovieApp.framework; sourceTree = BUILT_PRODUCTS_DIR; };
		C324693D28CFD81DC32640D0 /* Pods-MovieApp.debug.xcconfig */ = {isa = PBXFileReference; includeInIndex = 1; lastKnownFileType = text.xcconfig; name = "Pods-MovieApp.debug.xcconfig"; path = "Target Support Files/Pods-MovieApp/Pods-MovieApp.debug.xcconfig"; sourceTree = "<group>"; };
		F2B8574959E08D8FCED5625D /* Pods-MovieApp.release.xcconfig */ = {isa = PBXFileReference; includeInIndex = 1; lastKnownFileType = text.xcconfig; name = "Pods-MovieApp.release.xcconfig"; path = "Target Support Files/Pods-MovieApp/Pods-MovieApp.release.xcconfig"; sourceTree = "<group>"; };
/* End PBXFileReference section */

/* Begin PBXFrameworksBuildPhase section */
		029C62CF254C31C000947B25 /* Frameworks */ = {
			isa = PBXFrameworksBuildPhase;
			buildActionMask = 2147483647;
			files = (
				0245DB7C255BFE7D007225C3 /* Kingfisher in Frameworks */,
				F45EEF8B1534F8C0B567B291 /* Pods_MovieApp.framework in Frameworks */,
			);
			runOnlyForDeploymentPostprocessing = 0;
		};
/* End PBXFrameworksBuildPhase section */

/* Begin PBXGroup section */
		021D19672565D58A003FD843 /* Presenter */ = {
			isa = PBXGroup;
			children = (
				021D19682565D5A5003FD843 /* NowPlayingPresenter.swift */,
			);
			path = Presenter;
			sourceTree = "<group>";
		};
		022242DE2559238C0038FA41 /* FavouriteMovies */ = {
			isa = PBXGroup;
			children = (
				022242DF255923AE0038FA41 /* Views */,
			);
			path = FavouriteMovies;
			sourceTree = "<group>";
		};
		022242DF255923AE0038FA41 /* Views */ = {
			isa = PBXGroup;
			children = (
				022242E62559277C0038FA41 /* FavouriteMoviesViewController.swift */,
			);
			path = Views;
			sourceTree = "<group>";
		};
		0226529225595DFF00607F40 /* Services */ = {
			isa = PBXGroup;
			children = (
				0226529325595E2300607F40 /* APIService.swift */,
			);
			path = Services;
			sourceTree = "<group>";
		};
		022DE9372553FBEB004B902C /* CoreData */ = {
			isa = PBXGroup;
			children = (
				022DE9382553FC01004B902C /* CoreDataHelper.swift */,
			);
			path = CoreData;
			sourceTree = "<group>";
		};
		022DE94625544BF7004B902C /* HomeScreen */ = {
			isa = PBXGroup;
			children = (
				029CD4902566BE9700FC7DF2 /* Presenter */,
				022DE94925545865004B902C /* CustomCells */,
				022242DE2559238C0038FA41 /* FavouriteMovies */,
				022DE94825545839004B902C /* WatchedMovies */,
				029C62EF254C322D00947B25 /* NowPlaying */,
				022C940E256812F000A4FD21 /* HomeScreenViewController.swift */,
			);
			path = HomeScreen;
			sourceTree = "<group>";
		};
		022DE94825545839004B902C /* WatchedMovies */ = {
			isa = PBXGroup;
			children = (
				022DE94A25545878004B902C /* Views */,
			);
			path = WatchedMovies;
			sourceTree = "<group>";
		};
		022DE94925545865004B902C /* CustomCells */ = {
			isa = PBXGroup;
			children = (
				022DE94B255458B8004B902C /* WatchedFavouriteCell.swift */,
			);
			path = CustomCells;
			sourceTree = "<group>";
		};
		022DE94A25545878004B902C /* Views */ = {
			isa = PBXGroup;
			children = (
				022DE94F25545A9E004B902C /* WatchedMoviesViewController.swift */,
			);
			path = Views;
			sourceTree = "<group>";
		};
		0235DE862553F4F700556814 /* Model */ = {
			isa = PBXGroup;
			children = (
				02C1B01A255B153300E4BA8F /* MovieEntity+CoreDataClass.swift */,
				02C1B019255B153300E4BA8F /* MovieEntity+CoreDataProperties.swift */,
			);
			path = Model;
			sourceTree = "<group>";
		};
		0246203925519E03003F6770 /* Buttons */ = {
			isa = PBXGroup;
			children = (
				028315BC2552E5C3008F9963 /* WatchedCustomButton.swift */,
				028315BF2552E76F008F9963 /* FavouritesCustomButton.swift */,
				022C9412256817E300A4FD21 /* ButtonTypes.swift */,
			);
			path = Buttons;
			sourceTree = "<group>";
		};
		0246203E25519ED9003F6770 /* Protocols */ = {
			isa = PBXGroup;
			children = (
				0246203F25519EF4003F6770 /* ReusableView.swift */,
			);
			path = Protocols;
			sourceTree = "<group>";
		};
		0250EC6A2551E46A0034E527 /* CustomViews */ = {
			isa = PBXGroup;
			children = (
				0246203925519E03003F6770 /* Buttons */,
				024B961B255173E10026FA0E /* BlurLoader.swift */,
				0250EC6B2551E4870034E527 /* ShaderBottomToTop.swift */,
				02D4A601255DAC8A003D9008 /* ShaderTopToBottom.swift */,
			);
			path = CustomViews;
			sourceTree = "<group>";
		};
		028FA7E125503F0600942985 /* Shared */ = {
			isa = PBXGroup;
			children = (
				02AB2ADA255F1C8B00FA7628 /* Subclasses */,
				0226529225595DFF00607F40 /* Services */,
				022DE9372553FBEB004B902C /* CoreData */,
				0235DE862553F4F700556814 /* Model */,
				0250EC6A2551E46A0034E527 /* CustomViews */,
				0246203E25519ED9003F6770 /* Protocols */,
				02BBD5CA254C422500058844 /* Extensions */,
				028FA7E225503F1900942985 /* RowItem.swift */,
				0246203B25519E51003F6770 /* Constants.swift */,
			);
			path = Shared;
			sourceTree = "<group>";
		};
		028FA7E625503F3E00942985 /* Subclasses */ = {
			isa = PBXGroup;
			children = (
				028FA7E725503F6500942985 /* EnumMovieDetailsCellTypes.swift */,
			);
			path = Subclasses;
			sourceTree = "<group>";
		};
		029C62C9254C31C000947B25 = {
			isa = PBXGroup;
			children = (
				029C62D4254C31C000947B25 /* MovieApp */,
				029C62D3254C31C000947B25 /* Products */,
				794324811C260C55BD32130A /* Pods */,
				3B27BB2A1AC048EE53BA75D9 /* Frameworks */,
			);
			sourceTree = "<group>";
		};
		029C62D3254C31C000947B25 /* Products */ = {
			isa = PBXGroup;
			children = (
				029C62D2254C31C000947B25 /* MovieApp.app */,
			);
			name = Products;
			sourceTree = "<group>";
		};
		029C62D4254C31C000947B25 /* MovieApp */ = {
			isa = PBXGroup;
			children = (
				022DE94625544BF7004B902C /* HomeScreen */,
				028FA7E125503F0600942985 /* Shared */,
				02E2924C254C700B0088E7A6 /* MovieDetails */,
				029C62ED254C31E700947B25 /* Support */,
			);
			path = MovieApp;
			sourceTree = "<group>";
		};
		029C62ED254C31E700947B25 /* Support */ = {
			isa = PBXGroup;
			children = (
				029C62E3254C31C100947B25 /* Info.plist */,
				029C62E0254C31C100947B25 /* LaunchScreen.storyboard */,
				029C62DE254C31C100947B25 /* Assets.xcassets */,
				029C62D5254C31C000947B25 /* AppDelegate.swift */,
				028315E92553335B008F9963 /* MovieApp.xcdatamodeld */,
			);
			path = Support;
			sourceTree = "<group>";
		};
		029C62EF254C322D00947B25 /* NowPlaying */ = {
			isa = PBXGroup;
			children = (
				021D19672565D58A003FD843 /* Presenter */,
				02BBD5C0254C3C9A00058844 /* Model */,
				029C62F1254C324800947B25 /* CustomCells */,
				029C62F0254C323D00947B25 /* Views */,
			);
			path = NowPlaying;
			sourceTree = "<group>";
		};
		029C62F0254C323D00947B25 /* Views */ = {
			isa = PBXGroup;
			children = (
				02BBD5C7254C3F2E00058844 /* NowPlayingViewController.swift */,
			);
			path = Views;
			sourceTree = "<group>";
		};
		029C62F1254C324800947B25 /* CustomCells */ = {
			isa = PBXGroup;
			children = (
				02E91722255D4D630042E12A /* NowPlayingCollectionCell.swift */,
			);
			path = CustomCells;
			sourceTree = "<group>";
		};
		029CD4902566BE9700FC7DF2 /* Presenter */ = {
			isa = PBXGroup;
			children = (
				029CD4912566BEBC00FC7DF2 /* WatchedAndFavoritesPresenter.swift */,
			);
			path = Presenter;
			sourceTree = "<group>";
		};
		02AB2ADA255F1C8B00FA7628 /* Subclasses */ = {
			isa = PBXGroup;
			children = (
				02AB2ADB255F1CA700FA7628 /* BlurLoaderHelper.swift */,
			);
			path = Subclasses;
			sourceTree = "<group>";
		};
		02AF46D42566EDD400DBD08C /* Presenter */ = {
			isa = PBXGroup;
			children = (
				02AF46D52566EDE500DBD08C /* MovieDetailsPresenter.swift */,
			);
			path = Presenter;
			sourceTree = "<group>";
		};
		02BBD5C0254C3C9A00058844 /* Model */ = {
			isa = PBXGroup;
			children = (
				02BBD5C1254C3CB700058844 /* Movie.swift */,
			);
			path = Model;
			sourceTree = "<group>";
		};
		02BBD5CA254C422500058844 /* Extensions */ = {
			isa = PBXGroup;
			children = (
				02E29249254C64580088E7A6 /* Extensions+String.swift */,
				028FA7F125506D7A00942985 /* Extensions+UIImageView.swift */,
				0246204325519F89003F6770 /* Extensions+UITableViewCell.swift */,
				0246204625519FD0003F6770 /* Extensions+UITableView.swift */,
				0250EC672551D1780034E527 /* Extensions+UIViewController.swift */,
				02E91725255D52A80042E12A /* Extensions+UICollectionViewCell.swift */,
				02E91728255D54E90042E12A /* Extensions+UICollectionView.swift */,
			);
			path = Extensions;
			sourceTree = "<group>";
		};
		02E2924C254C700B0088E7A6 /* MovieDetails */ = {
			isa = PBXGroup;
			children = (
				02AF46D42566EDD400DBD08C /* Presenter */,
				028FA7E625503F3E00942985 /* Subclasses */,
				02E29251254C70F70088E7A6 /* Model */,
				02E2924D254C704D0088E7A6 /* Views */,
			);
			path = MovieDetails;
			sourceTree = "<group>";
		};
		02E2924D254C704D0088E7A6 /* Views */ = {
			isa = PBXGroup;
			children = (
				02E29256254C724C0088E7A6 /* CustomCells */,
				02E2924E254C70630088E7A6 /* MovieDetailsViewController.swift */,
			);
			path = Views;
			sourceTree = "<group>";
		};
		02E29251254C70F70088E7A6 /* Model */ = {
			isa = PBXGroup;
			children = (
				02E29252254C711A0088E7A6 /* MovieDetails.swift */,
			);
			path = Model;
			sourceTree = "<group>";
		};
		02E29256254C724C0088E7A6 /* CustomCells */ = {
			isa = PBXGroup;
			children = (
				028FA7D12550365A00942985 /* MoviePosterCell.swift */,
				028FA7D52550383800942985 /* MovieTitleCell.swift */,
				028FA7D8255039C000942985 /* MovieGenresCell.swift */,
				028FA7DB25503C0500942985 /* MovieQuoteCell.swift */,
				028FA7DE25503D0C00942985 /* MovieOverviewCell.swift */,
			);
			path = CustomCells;
			sourceTree = "<group>";
		};
		3B27BB2A1AC048EE53BA75D9 /* Frameworks */ = {
			isa = PBXGroup;
			children = (
				6F4D3CECB78C5B0C13861C89 /* Pods_MovieApp.framework */,
			);
			name = Frameworks;
			sourceTree = "<group>";
		};
		794324811C260C55BD32130A /* Pods */ = {
			isa = PBXGroup;
			children = (
				C324693D28CFD81DC32640D0 /* Pods-MovieApp.debug.xcconfig */,
				F2B8574959E08D8FCED5625D /* Pods-MovieApp.release.xcconfig */,
			);
			path = Pods;
			sourceTree = "<group>";
		};
/* End PBXGroup section */

/* Begin PBXNativeTarget section */
		029C62D1254C31C000947B25 /* MovieApp */ = {
			isa = PBXNativeTarget;
			buildConfigurationList = 029C62E6254C31C100947B25 /* Build configuration list for PBXNativeTarget "MovieApp" */;
			buildPhases = (
				E89D652A07D7E1DB7AB888D1 /* [CP] Check Pods Manifest.lock */,
				029C62CE254C31C000947B25 /* Sources */,
				029C62CF254C31C000947B25 /* Frameworks */,
				029C62D0254C31C000947B25 /* Resources */,
				9766386973C7096A4483075E /* [CP] Embed Pods Frameworks */,
			);
			buildRules = (
			);
			dependencies = (
			);
			name = MovieApp;
			packageProductDependencies = (
				0245DB7B255BFE7D007225C3 /* Kingfisher */,
			);
			productName = MovieApp;
			productReference = 029C62D2254C31C000947B25 /* MovieApp.app */;
			productType = "com.apple.product-type.application";
		};
/* End PBXNativeTarget section */

/* Begin PBXProject section */
		029C62CA254C31C000947B25 /* Project object */ = {
			isa = PBXProject;
			attributes = {
				LastSwiftUpdateCheck = 1210;
				LastUpgradeCheck = 1210;
				TargetAttributes = {
					029C62D1254C31C000947B25 = {
						CreatedOnToolsVersion = 12.1;
					};
				};
			};
			buildConfigurationList = 029C62CD254C31C000947B25 /* Build configuration list for PBXProject "MovieApp" */;
			compatibilityVersion = "Xcode 9.3";
			developmentRegion = en;
			hasScannedForEncodings = 0;
			knownRegions = (
				en,
				Base,
			);
			mainGroup = 029C62C9254C31C000947B25;
			packageReferences = (
				0245DB7A255BFE7D007225C3 /* XCRemoteSwiftPackageReference "Kingfisher" */,
			);
			productRefGroup = 029C62D3254C31C000947B25 /* Products */;
			projectDirPath = "";
			projectRoot = "";
			targets = (
				029C62D1254C31C000947B25 /* MovieApp */,
			);
		};
/* End PBXProject section */

/* Begin PBXResourcesBuildPhase section */
		029C62D0254C31C000947B25 /* Resources */ = {
			isa = PBXResourcesBuildPhase;
			buildActionMask = 2147483647;
			files = (
				029C62E2254C31C100947B25 /* LaunchScreen.storyboard in Resources */,
				029C62DF254C31C100947B25 /* Assets.xcassets in Resources */,
			);
			runOnlyForDeploymentPostprocessing = 0;
		};
/* End PBXResourcesBuildPhase section */

/* Begin PBXShellScriptBuildPhase section */
		9766386973C7096A4483075E /* [CP] Embed Pods Frameworks */ = {
			isa = PBXShellScriptBuildPhase;
			buildActionMask = 2147483647;
			files = (
			);
			inputFileListPaths = (
				"${PODS_ROOT}/Target Support Files/Pods-MovieApp/Pods-MovieApp-frameworks-${CONFIGURATION}-input-files.xcfilelist",
			);
			name = "[CP] Embed Pods Frameworks";
			outputFileListPaths = (
				"${PODS_ROOT}/Target Support Files/Pods-MovieApp/Pods-MovieApp-frameworks-${CONFIGURATION}-output-files.xcfilelist",
			);
			runOnlyForDeploymentPostprocessing = 0;
			shellPath = /bin/sh;
			shellScript = "\"${PODS_ROOT}/Target Support Files/Pods-MovieApp/Pods-MovieApp-frameworks.sh\"\n";
			showEnvVarsInLog = 0;
		};
		E89D652A07D7E1DB7AB888D1 /* [CP] Check Pods Manifest.lock */ = {
			isa = PBXShellScriptBuildPhase;
			buildActionMask = 2147483647;
			files = (
			);
			inputFileListPaths = (
			);
			inputPaths = (
				"${PODS_PODFILE_DIR_PATH}/Podfile.lock",
				"${PODS_ROOT}/Manifest.lock",
			);
			name = "[CP] Check Pods Manifest.lock";
			outputFileListPaths = (
			);
			outputPaths = (
				"$(DERIVED_FILE_DIR)/Pods-MovieApp-checkManifestLockResult.txt",
			);
			runOnlyForDeploymentPostprocessing = 0;
			shellPath = /bin/sh;
			shellScript = "diff \"${PODS_PODFILE_DIR_PATH}/Podfile.lock\" \"${PODS_ROOT}/Manifest.lock\" > /dev/null\nif [ $? != 0 ] ; then\n    # print error to STDERR\n    echo \"error: The sandbox is not in sync with the Podfile.lock. Run 'pod install' or update your CocoaPods installation.\" >&2\n    exit 1\nfi\n# This output is used by Xcode 'outputs' to avoid re-running this script phase.\necho \"SUCCESS\" > \"${SCRIPT_OUTPUT_FILE_0}\"\n";
			showEnvVarsInLog = 0;
		};
/* End PBXShellScriptBuildPhase section */

/* Begin PBXSourcesBuildPhase section */
		029C62CE254C31C000947B25 /* Sources */ = {
			isa = PBXSourcesBuildPhase;
			buildActionMask = 2147483647;
			files = (
				02E91726255D52A80042E12A /* Extensions+UICollectionViewCell.swift in Sources */,
				022DE9392553FC01004B902C /* CoreDataHelper.swift in Sources */,
				02E2924F254C70630088E7A6 /* MovieDetailsViewController.swift in Sources */,
				024B961C255173E10026FA0E /* BlurLoader.swift in Sources */,
				028FA7E325503F1900942985 /* RowItem.swift in Sources */,
				0226529425595E2300607F40 /* APIService.swift in Sources */,
				022242E72559277C0038FA41 /* FavouriteMoviesViewController.swift in Sources */,
				02E2924A254C64580088E7A6 /* Extensions+String.swift in Sources */,
				02E91729255D54E90042E12A /* Extensions+UICollectionView.swift in Sources */,
				022C940F256812F000A4FD21 /* HomeScreenViewController.swift in Sources */,
				02C1B01B255B153400E4BA8F /* MovieEntity+CoreDataProperties.swift in Sources */,
				028FA7F225506D7A00942985 /* Extensions+UIImageView.swift in Sources */,
				022C9413256817E300A4FD21 /* ButtonTypes.swift in Sources */,
				02BBD5C8254C3F2E00058844 /* NowPlayingViewController.swift in Sources */,
				021D19692565D5A5003FD843 /* NowPlayingPresenter.swift in Sources */,
				0246204425519F89003F6770 /* Extensions+UITableViewCell.swift in Sources */,
				02AB2ADC255F1CA700FA7628 /* BlurLoaderHelper.swift in Sources */,
				028315BD2552E5C3008F9963 /* WatchedCustomButton.swift in Sources */,
				02C1B01C255B153400E4BA8F /* MovieEntity+CoreDataClass.swift in Sources */,
				02D4A602255DAC8A003D9008 /* ShaderTopToBottom.swift in Sources */,
				028315C02552E76F008F9963 /* FavouritesCustomButton.swift in Sources */,
				02E91723255D4D630042E12A /* NowPlayingCollectionCell.swift in Sources */,
				0246204725519FD0003F6770 /* Extensions+UITableView.swift in Sources */,
				029C62D6254C31C000947B25 /* AppDelegate.swift in Sources */,
				022DE95025545A9E004B902C /* WatchedMoviesViewController.swift in Sources */,
				022DE94C255458B8004B902C /* WatchedFavouriteCell.swift in Sources */,
				0250EC682551D1780034E527 /* Extensions+UIViewController.swift in Sources */,
				02BBD5C2254C3CB700058844 /* Movie.swift in Sources */,
				028FA7E825503F6500942985 /* EnumMovieDetailsCellTypes.swift in Sources */,
				0246204025519EF4003F6770 /* ReusableView.swift in Sources */,
				02E29253254C711A0088E7A6 /* MovieDetails.swift in Sources */,
				028FA7D9255039C000942985 /* MovieGenresCell.swift in Sources */,
				0246203C25519E51003F6770 /* Constants.swift in Sources */,
				028FA7DC25503C0500942985 /* MovieQuoteCell.swift in Sources */,
				028FA7DF25503D0C00942985 /* MovieOverviewCell.swift in Sources */,
				028FA7D22550365A00942985 /* MoviePosterCell.swift in Sources */,
				0250EC6C2551E4870034E527 /* ShaderBottomToTop.swift in Sources */,
				02AF46D62566EDE500DBD08C /* MovieDetailsPresenter.swift in Sources */,
				028FA7D62550383800942985 /* MovieTitleCell.swift in Sources */,
				028315EB2553335B008F9963 /* MovieApp.xcdatamodeld in Sources */,
				029CD4922566BEBC00FC7DF2 /* WatchedAndFavoritesPresenter.swift in Sources */,
			);
			runOnlyForDeploymentPostprocessing = 0;
		};
/* End PBXSourcesBuildPhase section */

/* Begin PBXVariantGroup section */
		029C62E0254C31C100947B25 /* LaunchScreen.storyboard */ = {
			isa = PBXVariantGroup;
			children = (
				029C62E1254C31C100947B25 /* Base */,
			);
			name = LaunchScreen.storyboard;
			sourceTree = "<group>";
		};
/* End PBXVariantGroup section */

/* Begin XCBuildConfiguration section */
		029C62E4254C31C100947B25 /* Debug */ = {
			isa = XCBuildConfiguration;
			buildSettings = {
				ALWAYS_SEARCH_USER_PATHS = NO;
				CLANG_ANALYZER_NONNULL = YES;
				CLANG_ANALYZER_NUMBER_OBJECT_CONVERSION = YES_AGGRESSIVE;
				CLANG_CXX_LANGUAGE_STANDARD = "gnu++14";
				CLANG_CXX_LIBRARY = "libc++";
				CLANG_ENABLE_MODULES = YES;
				CLANG_ENABLE_OBJC_ARC = YES;
				CLANG_ENABLE_OBJC_WEAK = YES;
				CLANG_WARN_BLOCK_CAPTURE_AUTORELEASING = YES;
				CLANG_WARN_BOOL_CONVERSION = YES;
				CLANG_WARN_COMMA = YES;
				CLANG_WARN_CONSTANT_CONVERSION = YES;
				CLANG_WARN_DEPRECATED_OBJC_IMPLEMENTATIONS = YES;
				CLANG_WARN_DIRECT_OBJC_ISA_USAGE = YES_ERROR;
				CLANG_WARN_DOCUMENTATION_COMMENTS = YES;
				CLANG_WARN_EMPTY_BODY = YES;
				CLANG_WARN_ENUM_CONVERSION = YES;
				CLANG_WARN_INFINITE_RECURSION = YES;
				CLANG_WARN_INT_CONVERSION = YES;
				CLANG_WARN_NON_LITERAL_NULL_CONVERSION = YES;
				CLANG_WARN_OBJC_IMPLICIT_RETAIN_SELF = YES;
				CLANG_WARN_OBJC_LITERAL_CONVERSION = YES;
				CLANG_WARN_OBJC_ROOT_CLASS = YES_ERROR;
				CLANG_WARN_QUOTED_INCLUDE_IN_FRAMEWORK_HEADER = YES;
				CLANG_WARN_RANGE_LOOP_ANALYSIS = YES;
				CLANG_WARN_STRICT_PROTOTYPES = YES;
				CLANG_WARN_SUSPICIOUS_MOVE = YES;
				CLANG_WARN_UNGUARDED_AVAILABILITY = YES_AGGRESSIVE;
				CLANG_WARN_UNREACHABLE_CODE = YES;
				CLANG_WARN__DUPLICATE_METHOD_MATCH = YES;
				COPY_PHASE_STRIP = NO;
				DEBUG_INFORMATION_FORMAT = dwarf;
				ENABLE_STRICT_OBJC_MSGSEND = YES;
				ENABLE_TESTABILITY = YES;
				GCC_C_LANGUAGE_STANDARD = gnu11;
				GCC_DYNAMIC_NO_PIC = NO;
				GCC_NO_COMMON_BLOCKS = YES;
				GCC_OPTIMIZATION_LEVEL = 0;
				GCC_PREPROCESSOR_DEFINITIONS = (
					"DEBUG=1",
					"$(inherited)",
				);
				GCC_WARN_64_TO_32_BIT_CONVERSION = YES;
				GCC_WARN_ABOUT_RETURN_TYPE = YES_ERROR;
				GCC_WARN_UNDECLARED_SELECTOR = YES;
				GCC_WARN_UNINITIALIZED_AUTOS = YES_AGGRESSIVE;
				GCC_WARN_UNUSED_FUNCTION = YES;
				GCC_WARN_UNUSED_VARIABLE = YES;
				IPHONEOS_DEPLOYMENT_TARGET = 14.1;
				MTL_ENABLE_DEBUG_INFO = INCLUDE_SOURCE;
				MTL_FAST_MATH = YES;
				ONLY_ACTIVE_ARCH = YES;
				SDKROOT = iphoneos;
				SWIFT_ACTIVE_COMPILATION_CONDITIONS = DEBUG;
				SWIFT_OPTIMIZATION_LEVEL = "-Onone";
			};
			name = Debug;
		};
		029C62E5254C31C100947B25 /* Release */ = {
			isa = XCBuildConfiguration;
			buildSettings = {
				ALWAYS_SEARCH_USER_PATHS = NO;
				CLANG_ANALYZER_NONNULL = YES;
				CLANG_ANALYZER_NUMBER_OBJECT_CONVERSION = YES_AGGRESSIVE;
				CLANG_CXX_LANGUAGE_STANDARD = "gnu++14";
				CLANG_CXX_LIBRARY = "libc++";
				CLANG_ENABLE_MODULES = YES;
				CLANG_ENABLE_OBJC_ARC = YES;
				CLANG_ENABLE_OBJC_WEAK = YES;
				CLANG_WARN_BLOCK_CAPTURE_AUTORELEASING = YES;
				CLANG_WARN_BOOL_CONVERSION = YES;
				CLANG_WARN_COMMA = YES;
				CLANG_WARN_CONSTANT_CONVERSION = YES;
				CLANG_WARN_DEPRECATED_OBJC_IMPLEMENTATIONS = YES;
				CLANG_WARN_DIRECT_OBJC_ISA_USAGE = YES_ERROR;
				CLANG_WARN_DOCUMENTATION_COMMENTS = YES;
				CLANG_WARN_EMPTY_BODY = YES;
				CLANG_WARN_ENUM_CONVERSION = YES;
				CLANG_WARN_INFINITE_RECURSION = YES;
				CLANG_WARN_INT_CONVERSION = YES;
				CLANG_WARN_NON_LITERAL_NULL_CONVERSION = YES;
				CLANG_WARN_OBJC_IMPLICIT_RETAIN_SELF = YES;
				CLANG_WARN_OBJC_LITERAL_CONVERSION = YES;
				CLANG_WARN_OBJC_ROOT_CLASS = YES_ERROR;
				CLANG_WARN_QUOTED_INCLUDE_IN_FRAMEWORK_HEADER = YES;
				CLANG_WARN_RANGE_LOOP_ANALYSIS = YES;
				CLANG_WARN_STRICT_PROTOTYPES = YES;
				CLANG_WARN_SUSPICIOUS_MOVE = YES;
				CLANG_WARN_UNGUARDED_AVAILABILITY = YES_AGGRESSIVE;
				CLANG_WARN_UNREACHABLE_CODE = YES;
				CLANG_WARN__DUPLICATE_METHOD_MATCH = YES;
				COPY_PHASE_STRIP = NO;
				DEBUG_INFORMATION_FORMAT = "dwarf-with-dsym";
				ENABLE_NS_ASSERTIONS = NO;
				ENABLE_STRICT_OBJC_MSGSEND = YES;
				GCC_C_LANGUAGE_STANDARD = gnu11;
				GCC_NO_COMMON_BLOCKS = YES;
				GCC_WARN_64_TO_32_BIT_CONVERSION = YES;
				GCC_WARN_ABOUT_RETURN_TYPE = YES_ERROR;
				GCC_WARN_UNDECLARED_SELECTOR = YES;
				GCC_WARN_UNINITIALIZED_AUTOS = YES_AGGRESSIVE;
				GCC_WARN_UNUSED_FUNCTION = YES;
				GCC_WARN_UNUSED_VARIABLE = YES;
				IPHONEOS_DEPLOYMENT_TARGET = 14.1;
				MTL_ENABLE_DEBUG_INFO = NO;
				MTL_FAST_MATH = YES;
				SDKROOT = iphoneos;
				SWIFT_COMPILATION_MODE = wholemodule;
				SWIFT_OPTIMIZATION_LEVEL = "-O";
				VALIDATE_PRODUCT = YES;
			};
			name = Release;
		};
		029C62E7254C31C100947B25 /* Debug */ = {
			isa = XCBuildConfiguration;
			baseConfigurationReference = C324693D28CFD81DC32640D0 /* Pods-MovieApp.debug.xcconfig */;
			buildSettings = {
				ASSETCATALOG_COMPILER_APPICON_NAME = AppIcon;
				ASSETCATALOG_COMPILER_GLOBAL_ACCENT_COLOR_NAME = AccentColor;
				CODE_SIGN_STYLE = Automatic;
				INFOPLIST_FILE = MovieApp/Support/Info.plist;
				LD_RUNPATH_SEARCH_PATHS = (
					"$(inherited)",
					"@executable_path/Frameworks",
				);
				PRODUCT_BUNDLE_IDENTIFIER = com.isimunovic.dice.MovieApp;
				PRODUCT_NAME = "$(TARGET_NAME)";
				SWIFT_VERSION = 5.0;
				TARGETED_DEVICE_FAMILY = "1,2";
			};
			name = Debug;
		};
		029C62E8254C31C100947B25 /* Release */ = {
			isa = XCBuildConfiguration;
			baseConfigurationReference = F2B8574959E08D8FCED5625D /* Pods-MovieApp.release.xcconfig */;
			buildSettings = {
				ASSETCATALOG_COMPILER_APPICON_NAME = AppIcon;
				ASSETCATALOG_COMPILER_GLOBAL_ACCENT_COLOR_NAME = AccentColor;
				CODE_SIGN_STYLE = Automatic;
				INFOPLIST_FILE = MovieApp/Support/Info.plist;
				LD_RUNPATH_SEARCH_PATHS = (
					"$(inherited)",
					"@executable_path/Frameworks",
				);
				PRODUCT_BUNDLE_IDENTIFIER = com.isimunovic.dice.MovieApp;
				PRODUCT_NAME = "$(TARGET_NAME)";
				SWIFT_VERSION = 5.0;
				TARGETED_DEVICE_FAMILY = "1,2";
			};
			name = Release;
		};
/* End XCBuildConfiguration section */

/* Begin XCConfigurationList section */
		029C62CD254C31C000947B25 /* Build configuration list for PBXProject "MovieApp" */ = {
			isa = XCConfigurationList;
			buildConfigurations = (
				029C62E4254C31C100947B25 /* Debug */,
				029C62E5254C31C100947B25 /* Release */,
			);
			defaultConfigurationIsVisible = 0;
			defaultConfigurationName = Release;
		};
		029C62E6254C31C100947B25 /* Build configuration list for PBXNativeTarget "MovieApp" */ = {
			isa = XCConfigurationList;
			buildConfigurations = (
				029C62E7254C31C100947B25 /* Debug */,
				029C62E8254C31C100947B25 /* Release */,
			);
			defaultConfigurationIsVisible = 0;
			defaultConfigurationName = Release;
		};
/* End XCConfigurationList section */

/* Begin XCRemoteSwiftPackageReference section */
		0245DB7A255BFE7D007225C3 /* XCRemoteSwiftPackageReference "Kingfisher" */ = {
			isa = XCRemoteSwiftPackageReference;
			repositoryURL = "https://github.com/onevcat/Kingfisher.git";
			requirement = {
				kind = upToNextMajorVersion;
				minimumVersion = 5.15.7;
			};
		};
/* End XCRemoteSwiftPackageReference section */

/* Begin XCSwiftPackageProductDependency section */
		0245DB7B255BFE7D007225C3 /* Kingfisher */ = {
			isa = XCSwiftPackageProductDependency;
			package = 0245DB7A255BFE7D007225C3 /* XCRemoteSwiftPackageReference "Kingfisher" */;
			productName = Kingfisher;
		};
/* End XCSwiftPackageProductDependency section */

/* Begin XCVersionGroup section */
		028315E92553335B008F9963 /* MovieApp.xcdatamodeld */ = {
			isa = XCVersionGroup;
			children = (
				028315EA2553335B008F9963 /* MovieApp.xcdatamodel */,
			);
			currentVersion = 028315EA2553335B008F9963 /* MovieApp.xcdatamodel */;
			path = MovieApp.xcdatamodeld;
			sourceTree = "<group>";
			versionGroupType = wrapper.xcdatamodel;
		};
/* End XCVersionGroup section */
	};
	rootObject = 029C62CA254C31C000947B25 /* Project object */;
}
